
Microsoft Visual Studio Solution File, Format Version 12.00
# Visual Studio Version 17
VisualStudioVersion = 17.5.33502.453
MinimumVisualStudioVersion = 10.0.40219.1
Project("{8BC9CEB8-8B4A-11D0-8D11-00A0C91BC942}") = "Latihan4_180", "Latihan4_180\Latihan4_180.vcxproj", "{E5951D4B-CA7D-499C-9F7D-9BC17BDD9376}"
EndProject
Project("{8BC9CEB8-8B4A-11D0-8D11-00A0C91BC942}") = "latihan5", "latihan5\latihan5.vcxproj", "{3EE283DD-CA3F-4EDF-9546-6901AA131ACF}"
EndProject
Global
	GlobalSection(SolutionConfigurationPlatforms) = preSolution
		Debug|x64 = Debug|x64
		Debug|x86 = Debug|x86
		Release|x64 = Release|x64
		Release|x86 = Release|x86
	EndGlobalSection
	GlobalSection(ProjectConfigurationPlatforms) = postSolution
		{E5951D4B-CA7D-499C-9F7D-9BC17BDD9376}.Debug|x64.ActiveCfg = Debug|x64
		{E5951D4B-CA7D-499C-9F7D-9BC17BDD9376}.Debug|x64.Build.0 = Debug|x64
		{E5951D4B-CA7D-499C-9F7D-9BC17BDD9376}.Debug|x86.ActiveCfg = Debug|Win32
		{E5951D4B-CA7D-499C-9F7D-9BC17BDD9376}.Debug|x86.Build.0 = Debug|Win32
		{E5951D4B-CA7D-499C-9F7D-9BC17BDD9376}.Release|x64.ActiveCfg = Release|x64
		{E5951D4B-CA7D-499C-9F7D-9BC17BDD9376}.Release|x64.Build.0 = Release|x64
		{E5951D4B-CA7D-499C-9F7D-9BC17BDD9376}.Release|x86.ActiveCfg = Release|Win32
		{E5951D4B-CA7D-499C-9F7D-9BC17BDD9376}.Release|x86.Build.0 = Release|Win32
		{3EE283DD-CA3F-4EDF-9546-6901AA131ACF}.Debug|x64.ActiveCfg = Debug|x64
		{3EE283DD-CA3F-4EDF-9546-6901AA131ACF}.Debug|x64.Build.0 = Debug|x64
		{3EE283DD-CA3F-4EDF-9546-6901AA131ACF}.Debug|x86.ActiveCfg = Debug|Win32
		{3EE283DD-CA3F-4EDF-9546-6901AA131ACF}.Debug|x86.Build.0 = Debug|Win32
		{3EE283DD-CA3F-4EDF-9546-6901AA131ACF}.Release|x64.ActiveCfg = Release|x64
		{3EE283DD-CA3F-4EDF-9546-6901AA131ACF}.Release|x64.Build.0 = Release|x64
		{3EE283DD-CA3F-4EDF-9546-6901AA131ACF}.Release|x86.ActiveCfg = Release|Win32
		{3EE283DD-CA3F-4EDF-9546-6901AA131ACF}.Release|x86.Build.0 = Release|Win32
	EndGlobalSection
	GlobalSection(SolutionProperties) = preSolution
		HideSolutionNode = FALSE
	EndGlobalSection
	GlobalSection(ExtensibilityGlobals) = postSolution
		SolutionGuid = {A11374B0-F65A-4E7A-8A25-7CA457687C21}
	EndGlobalSection
EndGlobal
